
Microsoft Visual Studio Solution File, Format Version 12.00
# Visual Studio 15
VisualStudioVersion = 15.0.28010.2026
MinimumVisualStudioVersion = 10.0.40219.1
Project("{9A19103F-16F7-4668-BE54-9A1E7A4F7556}") = "WebApplication3", "WebApplication3\WebApplication3.csproj", "{C4F93941-C0DA-4D08-86E8-933D4493D17A}"
EndProject
Project("{9A19103F-16F7-4668-BE54-9A1E7A4F7556}") = "ClassLibrary1", "ClassLibrary1\ClassLibrary1.csproj", "{EC4664B0-C608-4B5B-9759-193034F1EC52}"
EndProject
Project("{9A19103F-16F7-4668-BE54-9A1E7A4F7556}") = "ClassLibrary2", "ClassLibrary2\ClassLibrary2.csproj", "{A07AAF80-0EF1-4476-9257-62F36AF8EC82}"
EndProject
Project("{FAE04EC0-301F-11D3-BF4B-00C04F79EFBC}") = "ClassLibrary3", "ClassLibrary3\ClassLibrary3.csproj", "{C87D842C-9FEF-4636-8D09-CEC13249200A}"
EndProject
Global
	GlobalSection(SolutionConfigurationPlatforms) = preSolution
		Debug|Any CPU = Debug|Any CPU
		Release|Any CPU = Release|Any CPU
	EndGlobalSection
	GlobalSection(ProjectConfigurationPlatforms) = postSolution
		{C4F93941-C0DA-4D08-86E8-933D4493D17A}.Debug|Any CPU.ActiveCfg = Debug|Any CPU
		{C4F93941-C0DA-4D08-86E8-933D4493D17A}.Debug|Any CPU.Build.0 = Debug|Any CPU
		{C4F93941-C0DA-4D08-86E8-933D4493D17A}.Release|Any CPU.ActiveCfg = Release|Any CPU
		{C4F93941-C0DA-4D08-86E8-933D4493D17A}.Release|Any CPU.Build.0 = Release|Any CPU
		{EC4664B0-C608-4B5B-9759-193034F1EC52}.Debug|Any CPU.ActiveCfg = Debug|Any CPU
		{EC4664B0-C608-4B5B-9759-193034F1EC52}.Debug|Any CPU.Build.0 = Debug|Any CPU
		{EC4664B0-C608-4B5B-9759-193034F1EC52}.Release|Any CPU.ActiveCfg = Release|Any CPU
		{EC4664B0-C608-4B5B-9759-193034F1EC52}.Release|Any CPU.Build.0 = Release|Any CPU
		{A07AAF80-0EF1-4476-9257-62F36AF8EC82}.Debug|Any CPU.ActiveCfg = Debug|Any CPU
		{A07AAF80-0EF1-4476-9257-62F36AF8EC82}.Debug|Any CPU.Build.0 = Debug|Any CPU
		{A07AAF80-0EF1-4476-9257-62F36AF8EC82}.Release|Any CPU.ActiveCfg = Release|Any CPU
		{A07AAF80-0EF1-4476-9257-62F36AF8EC82}.Release|Any CPU.Build.0 = Release|Any CPU
		{C87D842C-9FEF-4636-8D09-CEC13249200A}.Debug|Any CPU.ActiveCfg = Debug|Any CPU
		{C87D842C-9FEF-4636-8D09-CEC13249200A}.Debug|Any CPU.Build.0 = Debug|Any CPU
		{C87D842C-9FEF-4636-8D09-CEC13249200A}.Release|Any CPU.ActiveCfg = Release|Any CPU
		{C87D842C-9FEF-4636-8D09-CEC13249200A}.Release|Any CPU.Build.0 = Release|Any CPU
	EndGlobalSection
	GlobalSection(SolutionProperties) = preSolution
		HideSolutionNode = FALSE
	EndGlobalSection
	GlobalSection(ExtensibilityGlobals) = postSolution
		SolutionGuid = {DBB8390A-E031-4378-A630-A0839F704D25}
	EndGlobalSection
EndGlobal
